
Microsoft Visual Studio Solution File, Format Version 12.00
Project("{FAE04EC0-301F-11D3-BF4B-00C04F79EFBC}") = "ExpTest3", "ExpTest3\ExpTest3.csproj", "{63D3BD79-5436-4350-B7D3-93D113F3617F}"
EndProject
Global
	GlobalSection(SolutionConfigurationPlatforms) = preSolution
		Debug|Any CPU = Debug|Any CPU
		Release|Any CPU = Release|Any CPU
	EndGlobalSection
	GlobalSection(ProjectConfigurationPlatforms) = postSolution
		{63D3BD79-5436-4350-B7D3-93D113F3617F}.Debug|Any CPU.ActiveCfg = Debug|Any CPU
		{63D3BD79-5436-4350-B7D3-93D113F3617F}.Debug|Any CPU.Build.0 = Debug|Any CPU
		{63D3BD79-5436-4350-B7D3-93D113F3617F}.Release|Any CPU.ActiveCfg = Release|Any CPU
		{63D3BD79-5436-4350-B7D3-93D113F3617F}.Release|Any CPU.Build.0 = Release|Any CPU
	EndGlobalSection
EndGlobal
